
Microsoft Visual Studio Solution File, Format Version 12.00
# Visual Studio Version 17
VisualStudioVersion = 17.6.33829.357
MinimumVisualStudioVersion = 10.0.40219.1
Project("{2150E333-8FDC-42A3-9474-1A3956D46DE8}") = "Services", "Services", "{645AAE3B-B225-4B52-A322-6C01918CC1BD}"
EndProject
Project("{2150E333-8FDC-42A3-9474-1A3956D46DE8}") = "Category", "Category", "{2FA719DF-D79A-4B9C-8736-3E28EA14ED33}"
EndProject
Project("{2150E333-8FDC-42A3-9474-1A3956D46DE8}") = "Company", "Company", "{86DAD679-5184-45DB-85E9-2D2E408ED48D}"
EndProject
Project("{2150E333-8FDC-42A3-9474-1A3956D46DE8}") = "User", "User", "{3F8EB5EE-C4F5-4EC2-B09A-E34E82ED08D0}"
EndProject
Project("{2150E333-8FDC-42A3-9474-1A3956D46DE8}") = "Vacancie", "Vacancie", "{A4E46746-43A1-4FAC-9C8F-E9E1E68BD1DC}"
EndProject
Project("{9A19103F-16F7-4668-BE54-9A1E7A4F7556}") = "CategoryAPI", "Services\Category\CategoryAPI\CategoryAPI.csproj", "{2FB1BC35-9431-40AD-85ED-0D02244712B1}"
EndProject
Project("{9A19103F-16F7-4668-BE54-9A1E7A4F7556}") = "CompanyAPI", "Services\Company\CompanyAPI\CompanyAPI.csproj", "{9DC219FF-1EA8-477B-83E1-627D0D0F54D1}"
EndProject
Project("{9A19103F-16F7-4668-BE54-9A1E7A4F7556}") = "CompanyDomain", "Services\Company\CompanyDomain\CompanyDomain.csproj", "{23CFD536-C8D2-4B69-BC31-17DE18DD83B7}"
EndProject
Project("{9A19103F-16F7-4668-BE54-9A1E7A4F7556}") = "CompanyRepository", "Services\Company\CompanyRepository\CompanyRepository.csproj", "{ADFD04D3-497D-4191-8CAD-7915C5E35FE1}"
EndProject
Project("{9A19103F-16F7-4668-BE54-9A1E7A4F7556}") = "CompanyService", "Services\Company\CompanyService\CompanyService.csproj", "{518A704E-51AF-4152-8167-059C17CE1A06}"
EndProject
Project("{9A19103F-16F7-4668-BE54-9A1E7A4F7556}") = "VacancieAPI", "Services\Vacancies\VacancieAPI\VacancieAPI.csproj", "{1DEBD455-F792-47BA-A236-B77F8E456580}"
EndProject
Project("{9A19103F-16F7-4668-BE54-9A1E7A4F7556}") = "VacancieDomain", "Services\Vacancies\VacancieDomain\VacancieDomain.csproj", "{35EAD6DF-FBE9-4EBC-A1D4-B2958EC2AEEE}"
EndProject
Project("{9A19103F-16F7-4668-BE54-9A1E7A4F7556}") = "VacancieRepository", "Services\Vacancies\VacancieRepository\VacancieRepository.csproj", "{B82DA501-3253-49DC-9DA9-FEBDAEC9A773}"
EndProject
Project("{9A19103F-16F7-4668-BE54-9A1E7A4F7556}") = "VacancieService", "Services\Vacancies\VacancieService\VacancieService.csproj", "{E23C1C34-1AEF-4992-9CCA-EF5F14D2A4EB}"
EndProject
Project("{2150E333-8FDC-42A3-9474-1A3956D46DE8}") = "Location", "Location", "{0948F793-4166-4EA3-A8E5-A8942D9B940A}"
EndProject
Project("{9A19103F-16F7-4668-BE54-9A1E7A4F7556}") = "LocationAPI", "Services\Location\LocationAPI\LocationAPI.csproj", "{6AC9722E-FF9B-451D-B450-8AB841E7AB04}"
EndProject
Project("{9A19103F-16F7-4668-BE54-9A1E7A4F7556}") = "LocationDomain", "Services\Location\LocationDomain\LocationDomain.csproj", "{974B03C4-0ECC-4E63-A014-281CED321C7A}"
EndProject
Project("{9A19103F-16F7-4668-BE54-9A1E7A4F7556}") = "LocationRepository", "Services\Location\LocationRepository\LocationRepository.csproj", "{92FE4E64-9DC6-4EE5-95D4-DE2409AC6804}"
EndProject
Project("{9A19103F-16F7-4668-BE54-9A1E7A4F7556}") = "LocationService", "Services\Location\LocationService\LocationService.csproj", "{9E676A49-8F05-488D-893A-8B52F5458739}"
EndProject
Project("{9A19103F-16F7-4668-BE54-9A1E7A4F7556}") = "UserDomain", "Services\User\UserDomain\UserDomain.csproj", "{35088944-82E9-4025-8505-6A4633DFC289}"
EndProject
Project("{9A19103F-16F7-4668-BE54-9A1E7A4F7556}") = "UserService", "Services\User\UserService\UserService.csproj", "{121729EE-2D0F-4CAB-A356-34EB58994638}"
EndProject
Project("{9A19103F-16F7-4668-BE54-9A1E7A4F7556}") = "UserRepository", "Services\User\UserRepository\UserRepository.csproj", "{BCFDBFC5-A753-4373-8C62-A1F4DED27539}"
EndProject
Project("{9A19103F-16F7-4668-BE54-9A1E7A4F7556}") = "UserAPI", "Services\User\UserAPI\UserAPI.csproj", "{EA9EFEDF-94CE-476C-9E94-1863485B3225}"
EndProject
Project("{9A19103F-16F7-4668-BE54-9A1E7A4F7556}") = "CategoryDomain", "Services\Category\CategoryDomain\CategoryDomain.csproj", "{63475B75-A400-4AFA-B9FA-28FCE4A1E420}"
EndProject
Project("{9A19103F-16F7-4668-BE54-9A1E7A4F7556}") = "CategoryRepository", "Services\Category\CategoryRepository\CategoryRepository.csproj", "{E0D35E09-345A-4E26-BE5C-C1F6EE9D4C74}"
EndProject
Project("{9A19103F-16F7-4668-BE54-9A1E7A4F7556}") = "CategoryService", "Services\Category\CategoryService\CategoryService.csproj", "{2F58358D-8D82-4A36-BFF3-85C379E06398}"
EndProject
Project("{9A19103F-16F7-4668-BE54-9A1E7A4F7556}") = "UserService.Tests", "Tests\User\UserService.Tests\UserService.Tests.csproj", "{7F8E01D2-0AC8-4B48-AF8B-9BA51FA86711}"
EndProject
Project("{E53339B2-1760-4266-BCC7-CA923CBCF16C}") = "docker-compose", "docker-compose.dcproj", "{F971BFA9-8E9C-4542-923B-71343C8CF35C}"
EndProject
Project("{2150E333-8FDC-42A3-9474-1A3956D46DE8}") = "Gateway", "Gateway", "{8490A967-E6D6-4670-879F-3033EE7205AA}"
EndProject
Project("{9A19103F-16F7-4668-BE54-9A1E7A4F7556}") = "ApiGateway", "Gateway\ApiGateway\ApiGateway.csproj", "{7674BEC5-20E2-44B1-9510-85D5BAE113F0}"
EndProject
Project("{2150E333-8FDC-42A3-9474-1A3956D46DE8}") = "Deploy", "Deploy", "{4018A760-BA6D-4E96-B63B-EF3730E45DE3}"
	ProjectSection(SolutionItems) = preProject
		Deploy\deployment.yaml = Deploy\deployment.yaml
	EndProjectSection
EndProject
Global
	GlobalSection(SolutionConfigurationPlatforms) = preSolution
		Debug|Any CPU = Debug|Any CPU
		Release|Any CPU = Release|Any CPU
	EndGlobalSection
	GlobalSection(ProjectConfigurationPlatforms) = postSolution
		{2FB1BC35-9431-40AD-85ED-0D02244712B1}.Debug|Any CPU.ActiveCfg = Debug|Any CPU
		{2FB1BC35-9431-40AD-85ED-0D02244712B1}.Debug|Any CPU.Build.0 = Debug|Any CPU
		{2FB1BC35-9431-40AD-85ED-0D02244712B1}.Release|Any CPU.ActiveCfg = Release|Any CPU
		{2FB1BC35-9431-40AD-85ED-0D02244712B1}.Release|Any CPU.Build.0 = Release|Any CPU
		{9DC219FF-1EA8-477B-83E1-627D0D0F54D1}.Debug|Any CPU.ActiveCfg = Debug|Any CPU
		{9DC219FF-1EA8-477B-83E1-627D0D0F54D1}.Debug|Any CPU.Build.0 = Debug|Any CPU
		{9DC219FF-1EA8-477B-83E1-627D0D0F54D1}.Release|Any CPU.ActiveCfg = Release|Any CPU
		{9DC219FF-1EA8-477B-83E1-627D0D0F54D1}.Release|Any CPU.Build.0 = Release|Any CPU
		{23CFD536-C8D2-4B69-BC31-17DE18DD83B7}.Debug|Any CPU.ActiveCfg = Debug|Any CPU
		{23CFD536-C8D2-4B69-BC31-17DE18DD83B7}.Release|Any CPU.ActiveCfg = Release|Any CPU
		{23CFD536-C8D2-4B69-BC31-17DE18DD83B7}.Release|Any CPU.Build.0 = Release|Any CPU
		{ADFD04D3-497D-4191-8CAD-7915C5E35FE1}.Debug|Any CPU.ActiveCfg = Debug|Any CPU
		{ADFD04D3-497D-4191-8CAD-7915C5E35FE1}.Release|Any CPU.ActiveCfg = Release|Any CPU
		{ADFD04D3-497D-4191-8CAD-7915C5E35FE1}.Release|Any CPU.Build.0 = Release|Any CPU
		{518A704E-51AF-4152-8167-059C17CE1A06}.Debug|Any CPU.ActiveCfg = Debug|Any CPU
		{518A704E-51AF-4152-8167-059C17CE1A06}.Release|Any CPU.ActiveCfg = Release|Any CPU
		{518A704E-51AF-4152-8167-059C17CE1A06}.Release|Any CPU.Build.0 = Release|Any CPU
		{1DEBD455-F792-47BA-A236-B77F8E456580}.Debug|Any CPU.ActiveCfg = Debug|Any CPU
		{1DEBD455-F792-47BA-A236-B77F8E456580}.Debug|Any CPU.Build.0 = Debug|Any CPU
		{1DEBD455-F792-47BA-A236-B77F8E456580}.Release|Any CPU.ActiveCfg = Release|Any CPU
		{1DEBD455-F792-47BA-A236-B77F8E456580}.Release|Any CPU.Build.0 = Release|Any CPU
		{35EAD6DF-FBE9-4EBC-A1D4-B2958EC2AEEE}.Debug|Any CPU.ActiveCfg = Debug|Any CPU
		{35EAD6DF-FBE9-4EBC-A1D4-B2958EC2AEEE}.Release|Any CPU.ActiveCfg = Release|Any CPU
		{35EAD6DF-FBE9-4EBC-A1D4-B2958EC2AEEE}.Release|Any CPU.Build.0 = Release|Any CPU
		{B82DA501-3253-49DC-9DA9-FEBDAEC9A773}.Debug|Any CPU.ActiveCfg = Debug|Any CPU
		{B82DA501-3253-49DC-9DA9-FEBDAEC9A773}.Release|Any CPU.ActiveCfg = Release|Any CPU
		{B82DA501-3253-49DC-9DA9-FEBDAEC9A773}.Release|Any CPU.Build.0 = Release|Any CPU
		{E23C1C34-1AEF-4992-9CCA-EF5F14D2A4EB}.Debug|Any CPU.ActiveCfg = Debug|Any CPU
		{E23C1C34-1AEF-4992-9CCA-EF5F14D2A4EB}.Release|Any CPU.ActiveCfg = Release|Any CPU
		{E23C1C34-1AEF-4992-9CCA-EF5F14D2A4EB}.Release|Any CPU.Build.0 = Release|Any CPU
		{6AC9722E-FF9B-451D-B450-8AB841E7AB04}.Debug|Any CPU.ActiveCfg = Debug|Any CPU
		{6AC9722E-FF9B-451D-B450-8AB841E7AB04}.Debug|Any CPU.Build.0 = Debug|Any CPU
		{6AC9722E-FF9B-451D-B450-8AB841E7AB04}.Release|Any CPU.ActiveCfg = Release|Any CPU
		{6AC9722E-FF9B-451D-B450-8AB841E7AB04}.Release|Any CPU.Build.0 = Release|Any CPU
		{974B03C4-0ECC-4E63-A014-281CED321C7A}.Debug|Any CPU.ActiveCfg = Debug|Any CPU
		{974B03C4-0ECC-4E63-A014-281CED321C7A}.Release|Any CPU.ActiveCfg = Release|Any CPU
		{974B03C4-0ECC-4E63-A014-281CED321C7A}.Release|Any CPU.Build.0 = Release|Any CPU
		{92FE4E64-9DC6-4EE5-95D4-DE2409AC6804}.Debug|Any CPU.ActiveCfg = Debug|Any CPU
		{92FE4E64-9DC6-4EE5-95D4-DE2409AC6804}.Release|Any CPU.ActiveCfg = Release|Any CPU
		{92FE4E64-9DC6-4EE5-95D4-DE2409AC6804}.Release|Any CPU.Build.0 = Release|Any CPU
		{9E676A49-8F05-488D-893A-8B52F5458739}.Debug|Any CPU.ActiveCfg = Debug|Any CPU
		{9E676A49-8F05-488D-893A-8B52F5458739}.Release|Any CPU.ActiveCfg = Release|Any CPU
		{9E676A49-8F05-488D-893A-8B52F5458739}.Release|Any CPU.Build.0 = Release|Any CPU
		{35088944-82E9-4025-8505-6A4633DFC289}.Debug|Any CPU.ActiveCfg = Debug|Any CPU
		{35088944-82E9-4025-8505-6A4633DFC289}.Debug|Any CPU.Build.0 = Debug|Any CPU
		{35088944-82E9-4025-8505-6A4633DFC289}.Release|Any CPU.ActiveCfg = Release|Any CPU
		{35088944-82E9-4025-8505-6A4633DFC289}.Release|Any CPU.Build.0 = Release|Any CPU
		{121729EE-2D0F-4CAB-A356-34EB58994638}.Debug|Any CPU.ActiveCfg = Debug|Any CPU
		{121729EE-2D0F-4CAB-A356-34EB58994638}.Debug|Any CPU.Build.0 = Debug|Any CPU
		{121729EE-2D0F-4CAB-A356-34EB58994638}.Release|Any CPU.ActiveCfg = Release|Any CPU
		{121729EE-2D0F-4CAB-A356-34EB58994638}.Release|Any CPU.Build.0 = Release|Any CPU
		{BCFDBFC5-A753-4373-8C62-A1F4DED27539}.Debug|Any CPU.ActiveCfg = Debug|Any CPU
		{BCFDBFC5-A753-4373-8C62-A1F4DED27539}.Debug|Any CPU.Build.0 = Debug|Any CPU
		{BCFDBFC5-A753-4373-8C62-A1F4DED27539}.Release|Any CPU.ActiveCfg = Release|Any CPU
		{BCFDBFC5-A753-4373-8C62-A1F4DED27539}.Release|Any CPU.Build.0 = Release|Any CPU
		{EA9EFEDF-94CE-476C-9E94-1863485B3225}.Debug|Any CPU.ActiveCfg = Debug|Any CPU
		{EA9EFEDF-94CE-476C-9E94-1863485B3225}.Debug|Any CPU.Build.0 = Debug|Any CPU
		{EA9EFEDF-94CE-476C-9E94-1863485B3225}.Release|Any CPU.ActiveCfg = Release|Any CPU
		{EA9EFEDF-94CE-476C-9E94-1863485B3225}.Release|Any CPU.Build.0 = Release|Any CPU
		{63475B75-A400-4AFA-B9FA-28FCE4A1E420}.Debug|Any CPU.ActiveCfg = Debug|Any CPU
		{63475B75-A400-4AFA-B9FA-28FCE4A1E420}.Debug|Any CPU.Build.0 = Debug|Any CPU
		{63475B75-A400-4AFA-B9FA-28FCE4A1E420}.Release|Any CPU.ActiveCfg = Release|Any CPU
		{63475B75-A400-4AFA-B9FA-28FCE4A1E420}.Release|Any CPU.Build.0 = Release|Any CPU
		{E0D35E09-345A-4E26-BE5C-C1F6EE9D4C74}.Debug|Any CPU.ActiveCfg = Debug|Any CPU
		{E0D35E09-345A-4E26-BE5C-C1F6EE9D4C74}.Debug|Any CPU.Build.0 = Debug|Any CPU
		{E0D35E09-345A-4E26-BE5C-C1F6EE9D4C74}.Release|Any CPU.ActiveCfg = Release|Any CPU
		{E0D35E09-345A-4E26-BE5C-C1F6EE9D4C74}.Release|Any CPU.Build.0 = Release|Any CPU
		{2F58358D-8D82-4A36-BFF3-85C379E06398}.Debug|Any CPU.ActiveCfg = Debug|Any CPU
		{2F58358D-8D82-4A36-BFF3-85C379E06398}.Debug|Any CPU.Build.0 = Debug|Any CPU
		{2F58358D-8D82-4A36-BFF3-85C379E06398}.Release|Any CPU.ActiveCfg = Release|Any CPU
		{2F58358D-8D82-4A36-BFF3-85C379E06398}.Release|Any CPU.Build.0 = Release|Any CPU
		{7F8E01D2-0AC8-4B48-AF8B-9BA51FA86711}.Debug|Any CPU.ActiveCfg = Debug|Any CPU
		{7F8E01D2-0AC8-4B48-AF8B-9BA51FA86711}.Debug|Any CPU.Build.0 = Debug|Any CPU
		{7F8E01D2-0AC8-4B48-AF8B-9BA51FA86711}.Release|Any CPU.ActiveCfg = Release|Any CPU
		{7F8E01D2-0AC8-4B48-AF8B-9BA51FA86711}.Release|Any CPU.Build.0 = Release|Any CPU
		{F971BFA9-8E9C-4542-923B-71343C8CF35C}.Debug|Any CPU.ActiveCfg = Debug|Any CPU
		{F971BFA9-8E9C-4542-923B-71343C8CF35C}.Debug|Any CPU.Build.0 = Debug|Any CPU
		{F971BFA9-8E9C-4542-923B-71343C8CF35C}.Release|Any CPU.ActiveCfg = Release|Any CPU
		{F971BFA9-8E9C-4542-923B-71343C8CF35C}.Release|Any CPU.Build.0 = Release|Any CPU
		{7674BEC5-20E2-44B1-9510-85D5BAE113F0}.Debug|Any CPU.ActiveCfg = Debug|Any CPU
		{7674BEC5-20E2-44B1-9510-85D5BAE113F0}.Debug|Any CPU.Build.0 = Debug|Any CPU
		{7674BEC5-20E2-44B1-9510-85D5BAE113F0}.Release|Any CPU.ActiveCfg = Release|Any CPU
		{7674BEC5-20E2-44B1-9510-85D5BAE113F0}.Release|Any CPU.Build.0 = Release|Any CPU
	EndGlobalSection
	GlobalSection(SolutionProperties) = preSolution
		HideSolutionNode = FALSE
	EndGlobalSection
	GlobalSection(NestedProjects) = preSolution
		{2FA719DF-D79A-4B9C-8736-3E28EA14ED33} = {645AAE3B-B225-4B52-A322-6C01918CC1BD}
		{86DAD679-5184-45DB-85E9-2D2E408ED48D} = {645AAE3B-B225-4B52-A322-6C01918CC1BD}
		{3F8EB5EE-C4F5-4EC2-B09A-E34E82ED08D0} = {645AAE3B-B225-4B52-A322-6C01918CC1BD}
		{A4E46746-43A1-4FAC-9C8F-E9E1E68BD1DC} = {645AAE3B-B225-4B52-A322-6C01918CC1BD}
		{2FB1BC35-9431-40AD-85ED-0D02244712B1} = {2FA719DF-D79A-4B9C-8736-3E28EA14ED33}
		{9DC219FF-1EA8-477B-83E1-627D0D0F54D1} = {86DAD679-5184-45DB-85E9-2D2E408ED48D}
		{23CFD536-C8D2-4B69-BC31-17DE18DD83B7} = {86DAD679-5184-45DB-85E9-2D2E408ED48D}
		{ADFD04D3-497D-4191-8CAD-7915C5E35FE1} = {86DAD679-5184-45DB-85E9-2D2E408ED48D}
		{518A704E-51AF-4152-8167-059C17CE1A06} = {86DAD679-5184-45DB-85E9-2D2E408ED48D}
		{1DEBD455-F792-47BA-A236-B77F8E456580} = {A4E46746-43A1-4FAC-9C8F-E9E1E68BD1DC}
		{35EAD6DF-FBE9-4EBC-A1D4-B2958EC2AEEE} = {A4E46746-43A1-4FAC-9C8F-E9E1E68BD1DC}
		{B82DA501-3253-49DC-9DA9-FEBDAEC9A773} = {A4E46746-43A1-4FAC-9C8F-E9E1E68BD1DC}
		{E23C1C34-1AEF-4992-9CCA-EF5F14D2A4EB} = {A4E46746-43A1-4FAC-9C8F-E9E1E68BD1DC}
		{0948F793-4166-4EA3-A8E5-A8942D9B940A} = {645AAE3B-B225-4B52-A322-6C01918CC1BD}
		{6AC9722E-FF9B-451D-B450-8AB841E7AB04} = {0948F793-4166-4EA3-A8E5-A8942D9B940A}
		{974B03C4-0ECC-4E63-A014-281CED321C7A} = {0948F793-4166-4EA3-A8E5-A8942D9B940A}
		{92FE4E64-9DC6-4EE5-95D4-DE2409AC6804} = {0948F793-4166-4EA3-A8E5-A8942D9B940A}
		{9E676A49-8F05-488D-893A-8B52F5458739} = {0948F793-4166-4EA3-A8E5-A8942D9B940A}
		{35088944-82E9-4025-8505-6A4633DFC289} = {3F8EB5EE-C4F5-4EC2-B09A-E34E82ED08D0}
		{121729EE-2D0F-4CAB-A356-34EB58994638} = {3F8EB5EE-C4F5-4EC2-B09A-E34E82ED08D0}
		{BCFDBFC5-A753-4373-8C62-A1F4DED27539} = {3F8EB5EE-C4F5-4EC2-B09A-E34E82ED08D0}
		{EA9EFEDF-94CE-476C-9E94-1863485B3225} = {3F8EB5EE-C4F5-4EC2-B09A-E34E82ED08D0}
		{63475B75-A400-4AFA-B9FA-28FCE4A1E420} = {2FA719DF-D79A-4B9C-8736-3E28EA14ED33}
		{E0D35E09-345A-4E26-BE5C-C1F6EE9D4C74} = {2FA719DF-D79A-4B9C-8736-3E28EA14ED33}
		{2F58358D-8D82-4A36-BFF3-85C379E06398} = {2FA719DF-D79A-4B9C-8736-3E28EA14ED33}
		{7674BEC5-20E2-44B1-9510-85D5BAE113F0} = {8490A967-E6D6-4670-879F-3033EE7205AA}
	EndGlobalSection
	GlobalSection(ExtensibilityGlobals) = postSolution
		SolutionGuid = {C8FCC14C-0EC8-493C-905A-808C231F52A6}
	EndGlobalSection
EndGlobal
